
Microsoft Visual Studio Solution File, Format Version 12.00
# Visual Studio Version 17
VisualStudioVersion = 17.4.33122.133
MinimumVisualStudioVersion = 10.0.40219.1
Project("{FAE04EC0-301F-11D3-BF4B-00C04F79EFBC}") = "Filtration", "Filtration\Filtration.csproj", "{F7267F24-8404-42DC-94CF-4285FCA187F5}"
EndProject
Global
	GlobalSection(SolutionConfigurationPlatforms) = preSolution
		Debug|Any CPU = Debug|Any CPU
		Release|Any CPU = Release|Any CPU
	EndGlobalSection
	GlobalSection(ProjectConfigurationPlatforms) = postSolution
		{F7267F24-8404-42DC-94CF-4285FCA187F5}.Debug|Any CPU.ActiveCfg = Debug|Any CPU
		{F7267F24-8404-42DC-94CF-4285FCA187F5}.Debug|Any CPU.Build.0 = Debug|Any CPU
		{F7267F24-8404-42DC-94CF-4285FCA187F5}.Release|Any CPU.ActiveCfg = Release|Any CPU
		{F7267F24-8404-42DC-94CF-4285FCA187F5}.Release|Any CPU.Build.0 = Release|Any CPU
	EndGlobalSection
	GlobalSection(SolutionProperties) = preSolution
		HideSolutionNode = FALSE
	EndGlobalSection
	GlobalSection(ExtensibilityGlobals) = postSolution
		SolutionGuid = {AB39ABF8-651C-4550-AB54-0E0C72E70A07}
	EndGlobalSection
EndGlobal
